
Microsoft Visual Studio Solution File, Format Version 12.00
# Visual Studio 15
VisualStudioVersion = 15.0.27004.2002
MinimumVisualStudioVersion = 10.0.40219.1
Project("{FAE04EC0-301F-11D3-BF4B-00C04F79EFBC}") = "CDNX", "CDNX\CDNX.csproj", "{35083D8D-7937-4B7F-83E8-87BE3AB7FB9C}"
EndProject
Global
	GlobalSection(SolutionConfigurationPlatforms) = preSolution
		Debug|Any CPU = Debug|Any CPU
		Release|Any CPU = Release|Any CPU
	EndGlobalSection
	GlobalSection(ProjectConfigurationPlatforms) = postSolution
		{35083D8D-7937-4B7F-83E8-87BE3AB7FB9C}.Debug|Any CPU.ActiveCfg = Debug|Any CPU
		{35083D8D-7937-4B7F-83E8-87BE3AB7FB9C}.Debug|Any CPU.Build.0 = Debug|Any CPU
		{35083D8D-7937-4B7F-83E8-87BE3AB7FB9C}.Release|Any CPU.ActiveCfg = Release|Any CPU
		{35083D8D-7937-4B7F-83E8-87BE3AB7FB9C}.Release|Any CPU.Build.0 = Release|Any CPU
	EndGlobalSection
	GlobalSection(SolutionProperties) = preSolution
		HideSolutionNode = FALSE
	EndGlobalSection
	GlobalSection(ExtensibilityGlobals) = postSolution
		SolutionGuid = {06B713FE-0BCE-4AA3-9214-03B12B83DFFF}
	EndGlobalSection
EndGlobal
